{
    "name": "@eve-os/medical-module",
    "version": "2.0.0",
    "lockfileVersion": 3,
    "requires": true,
    "packages": {
        "": {
            "name": "@eve-os/medical-module",
            "version": "2.0.0",
            "license": "EVE-MARKET-001",
            "dependencies": {
                "clsx": "^2.1.1",
                "lucide-react": "^0.400.0",
                "stream": "^0.0.3",
                "tailwind-merge": "^2.6.0",
                "three": "^0.182.0"
            },
            "devDependencies": {
                "@types/node": "^22.0.0",
                "@types/react": "^18.3.0",
                "@types/react-dom": "^18.3.0",
                "typescript": "~5.6.0"
            },
            "peerDependencies": {
                "react": "^18.0.0",
                "react-dom": "^18.0.0"
            }
        },
        "node_modules/@types/node": {
            "version": "22.19.7",
            "resolved": "https://registry.npmjs.org/@types/node/-/node-22.19.7.tgz",
            "integrity": "sha512-MciR4AKGHWl7xwxkBa6xUGxQJ4VBOmPTF7sL+iGzuahOFaO0jHCsuEfS80pan1ef4gWId1oWOweIhrDEYLuaOw==",
            "dev": true,
            "license": "MIT",
            "dependencies": {
                "undici-types": "~6.21.0"
            }
        },
        "node_modules/@types/prop-types": {
            "version": "15.7.15",
            "resolved": "https://registry.npmjs.org/@types/prop-types/-/prop-types-15.7.15.tgz",
            "integrity": "sha512-F6bEyamV9jKGAFBEmlQnesRPGOQqS2+Uwi0Em15xenOxHaf2hv6L8YCVn3rPdPJOiJfPiCnLIRyvwVaqMY3MIw==",
            "dev": true,
            "license": "MIT"
        },
        "node_modules/@types/react": {
            "version": "18.3.27",
            "resolved": "https://registry.npmjs.org/@types/react/-/react-18.3.27.tgz",
            "integrity": "sha512-cisd7gxkzjBKU2GgdYrTdtQx1SORymWyaAFhaxQPK9bYO9ot3Y5OikQRvY0VYQtvwjeQnizCINJAenh/V7MK2w==",
            "dev": true,
            "license": "MIT",
            "dependencies": {
                "@types/prop-types": "*",
                "csstype": "^3.2.2"
            }
        },
        "node_modules/@types/react-dom": {
            "version": "18.3.7",
            "resolved": "https://registry.npmjs.org/@types/react-dom/-/react-dom-18.3.7.tgz",
            "integrity": "sha512-MEe3UeoENYVFXzoXEWsvcpg6ZvlrFNlOQ7EOsvhI3CfAXwzPfO8Qwuxd40nepsYKqyyVQnTdEfv68q91yLcKrQ==",
            "dev": true,
            "license": "MIT",
            "peerDependencies": {
                "@types/react": "^18.0.0"
            }
        },
        "node_modules/clsx": {
            "version": "2.1.1",
            "resolved": "https://registry.npmjs.org/clsx/-/clsx-2.1.1.tgz",
            "integrity": "sha512-eYm0QWBtUrBWZWG0d386OGAw16Z995PiOVo2B7bjWSbHedGl5e0ZWaq65kOGgUSNesEIDkB9ISbTg/JK9dhCZA==",
            "license": "MIT",
            "engines": {
                "node": ">=6"
            }
        },
        "node_modules/component-emitter": {
            "version": "2.0.0",
            "resolved": "https://registry.npmjs.org/component-emitter/-/component-emitter-2.0.0.tgz",
            "integrity": "sha512-4m5s3Me2xxlVKG9PkZpQqHQR7bgpnN7joDMJ4yvVkVXngjoITG76IaZmzmywSeRTeTpc6N6r3H3+KyUurV8OYw==",
            "license": "MIT",
            "engines": {
                "node": ">=18"
            },
            "funding": {
                "url": "https://github.com/sponsors/sindresorhus"
            }
        },
        "node_modules/csstype": {
            "version": "3.2.3",
            "resolved": "https://registry.npmjs.org/csstype/-/csstype-3.2.3.tgz",
            "integrity": "sha512-z1HGKcYy2xA8AGQfwrn0PAy+PB7X/GSj3UVJW9qKyn43xWa+gl5nXmU4qqLMRzWVLFC8KusUX8T/0kCiOYpAIQ==",
            "dev": true,
            "license": "MIT"
        },
        "node_modules/lucide-react": {
            "version": "0.400.0",
            "resolved": "https://registry.npmjs.org/lucide-react/-/lucide-react-0.400.0.tgz",
            "integrity": "sha512-rpp7pFHh3Xd93KHixNgB0SqThMHpYNzsGUu69UaQbSZ75Q/J3m5t6EhKyMT3m4w2WOxmJ2mY0tD3vebnXqQryQ==",
            "license": "ISC",
            "peerDependencies": {
                "react": "^16.5.1 || ^17.0.0 || ^18.0.0 || ^19.0.0"
            }
        },
        "node_modules/stream": {
            "version": "0.0.3",
            "resolved": "https://registry.npmjs.org/stream/-/stream-0.0.3.tgz",
            "integrity": "sha512-aMsbn7VKrl4A2T7QAQQbzgN7NVc70vgF5INQrBXqn4dCXN1zy3L9HGgLO5s7PExmdrzTJ8uR/27aviW8or8/+A==",
            "license": "MIT",
            "dependencies": {
                "component-emitter": "^2.0.0"
            }
        },
        "node_modules/tailwind-merge": {
            "version": "2.6.0",
            "resolved": "https://registry.npmjs.org/tailwind-merge/-/tailwind-merge-2.6.0.tgz",
            "integrity": "sha512-P+Vu1qXfzediirmHOC3xKGAYeZtPcV9g76X+xg2FD4tYgR71ewMA35Y3sCz3zhiN/dwefRpJX0yBcgwi1fXNQA==",
            "license": "MIT",
            "funding": {
                "type": "github",
                "url": "https://github.com/sponsors/dcastil"
            }
        },
        "node_modules/three": {
            "version": "0.182.0",
            "resolved": "https://registry.npmjs.org/three/-/three-0.182.0.tgz",
            "integrity": "sha512-GbHabT+Irv+ihI1/f5kIIsZ+Ef9Sl5A1Y7imvS5RQjWgtTPfPnZ43JmlYI7NtCRDK9zir20lQpfg8/9Yd02OvQ==",
            "license": "MIT"
        },
        "node_modules/typescript": {
            "version": "5.6.3",
            "resolved": "https://registry.npmjs.org/typescript/-/typescript-5.6.3.tgz",
            "integrity": "sha512-hjcS1mhfuyi4WW8IWtjP7brDrG2cuDZukyrYrSauoXGNgx0S7zceP07adYkJycEr56BOUTNPzbInooiN3fn1qw==",
            "dev": true,
            "license": "Apache-2.0",
            "bin": {
                "tsc": "bin/tsc",
                "tsserver": "bin/tsserver"
            },
            "engines": {
                "node": ">=14.17"
            }
        },
        "node_modules/undici-types": {
            "version": "6.21.0",
            "resolved": "https://registry.npmjs.org/undici-types/-/undici-types-6.21.0.tgz",
            "integrity": "sha512-iwDZqg0QAGrg9Rav5H4n0M64c3mkR59cJ6wQp+7C4nI0gsmExaedaYLNO44eT4AtBBwjbTiGPMlt2Md0T9H9JQ==",
            "dev": true,
            "license": "MIT"
        }
    }
}
